
Microsoft Visual Studio Solution File, Format Version 12.00
# Visual Studio Version 16
VisualStudioVersion = 16.0.30717.126
MinimumVisualStudioVersion = 10.0.40219.1
Project("{9A19103F-16F7-4668-BE54-9A1E7A4F7556}") = "SoftUniExercises", "SoftUniExercises\SoftUniExercises.csproj", "{DE72DB99-7870-4E93-867B-91B14C3BD2F3}"
EndProject
Project("{9A19103F-16F7-4668-BE54-9A1E7A4F7556}") = "Array_Exercise_Train_01", "Array_Exercise_Train_01\Array_Exercise_Train_01.csproj", "{4CC17E7A-5347-405B-8188-C4AD5D28F52A}"
EndProject
Project("{9A19103F-16F7-4668-BE54-9A1E7A4F7556}") = "Array_Exercise_CommonElements_02", "Array_Exercise_CommonElements_02\Array_Exercise_CommonElements_02.csproj", "{6B27FF3C-A890-4445-A422-1BB043935FE7}"
EndProject
Project("{9A19103F-16F7-4668-BE54-9A1E7A4F7556}") = "Array_Exercises_ZigZag_03", "Array_Exercises_ZigZag_04\Array_Exercises_ZigZag_03.csproj", "{80769B5E-362D-4AF2-A20B-349365E819A7}"
EndProject
Project("{9A19103F-16F7-4668-BE54-9A1E7A4F7556}") = "Array_Exercises_ArrayRotation_04", "Array_Exercises_ArrayRotation_05\Array_Exercises_ArrayRotation_04.csproj", "{C92F772D-1CE6-44B7-8DD3-A60A3ACB629E}"
EndProject
Project("{9A19103F-16F7-4668-BE54-9A1E7A4F7556}") = "Array_Exercises_EqualSums_06", "Array_Exercises_EqualSums_06\Array_Exercises_EqualSums_06.csproj", "{EE59BBD6-176E-4298-A840-76572EE38B00}"
EndProject
Project("{9A19103F-16F7-4668-BE54-9A1E7A4F7556}") = "Array_Exercise_MaxSequenceEqual_07", "Array_Exercise_MaxSequenceEqual_07\Array_Exercise_MaxSequenceEqual_07.csproj", "{6B2188A7-3BA8-4ED8-AAAD-A434D4C35569}"
EndProject
Project("{9A19103F-16F7-4668-BE54-9A1E7A4F7556}") = "Array_Exercise_MagicSum_08", "Array_Exercise_MagicSum_08\Array_Exercise_MagicSum_08.csproj", "{489C5A18-4C32-4B9B-884A-AD436436B998}"
EndProject
Project("{9A19103F-16F7-4668-BE54-9A1E7A4F7556}") = "Array_Exercises_Kamino_09", "Array_Exercises_Kamino_09\Array_Exercises_Kamino_09.csproj", "{3C815C2D-3110-4D8B-AA2A-DDE883DD00BC}"
EndProject
Project("{9A19103F-16F7-4668-BE54-9A1E7A4F7556}") = "Array_Exercise_LadyBugs_10", "Array_Exercise_LadyBugs_10\Array_Exercise_LadyBugs_10.csproj", "{556A6751-85F3-4DB0-992F-9CF01CE5AA62}"
EndProject
Project("{9A19103F-16F7-4668-BE54-9A1E7A4F7556}") = "Methods_LabNEx_SignOfInt", "Methods_LabNEx_SignOfInt\Methods_LabNEx_SignOfInt.csproj", "{400E4C37-A4AE-4885-B13A-9A0B570F810C}"
EndProject
Project("{9A19103F-16F7-4668-BE54-9A1E7A4F7556}") = "Methods_LabNEx_Grade", "Methods_LabNEx_Grade\Methods_LabNEx_Grade.csproj", "{A2371AB7-A0F9-4847-8FDD-5A3C766E337A}"
EndProject
Project("{9A19103F-16F7-4668-BE54-9A1E7A4F7556}") = "Methods_LabNEx_Calculations", "Methods_LabNEx_Calculations\Methods_LabNEx_Calculations.csproj", "{A238FBEA-482D-4739-B6D4-A8BE345A46B3}"
EndProject
Project("{9A19103F-16F7-4668-BE54-9A1E7A4F7556}") = "Methods_LabNEx_PrintTriangle", "Methods_LabNEx_PrintTriangle\Methods_LabNEx_PrintTriangle.csproj", "{EED0CD38-B885-478F-92E2-B5B0E6D66D96}"
EndProject
Project("{9A19103F-16F7-4668-BE54-9A1E7A4F7556}") = "Methods_LabNEx_Orders", "Methods_LabNEx_Orders\Methods_LabNEx_Orders.csproj", "{04E09C8F-BF31-45E2-8D40-B547673F87E5}"
EndProject
Project("{9A19103F-16F7-4668-BE54-9A1E7A4F7556}") = "Methods_LabNEx_CalcRect", "Methods_LabNEx_CalcRect\Methods_LabNEx_CalcRect.csproj", "{084B9938-47B6-4BC4-98BD-3EA15110A0D9}"
EndProject
Project("{9A19103F-16F7-4668-BE54-9A1E7A4F7556}") = "Methods_LabNEx_RepeatString", "Methods_LabNEx_RepeatString\Methods_LabNEx_RepeatString.csproj", "{7A56BB4C-3638-43C4-AD0B-D402CE444ED6}"
EndProject
Project("{9A19103F-16F7-4668-BE54-9A1E7A4F7556}") = "Methods_LabNEx_MathPow", "Methods_LabNEx_MathPow\Methods_LabNEx_MathPow.csproj", "{71854C17-14AB-4459-9B65-F293E3B1AC42}"
EndProject
Project("{9A19103F-16F7-4668-BE54-9A1E7A4F7556}") = "Methods_LabNEx_GreaterOfTwoValues", "Methods_LabNEx_GreaterOfTwoValues\Methods_LabNEx_GreaterOfTwoValues.csproj", "{0D0068ED-1A53-49B6-813C-ED8855906194}"
EndProject
Project("{9A19103F-16F7-4668-BE54-9A1E7A4F7556}") = "Methods_LabNEx_EvenByOdd", "Methods_LabNEx_EvenByOdd\Methods_LabNEx_EvenByOdd.csproj", "{A3B0CBF3-6D30-49AA-BD57-9DAC7058A8FB}"
EndProject
Project("{9A19103F-16F7-4668-BE54-9A1E7A4F7556}") = "Methods_LabNEx_MathOperations", "Methods_LabNEx_MathOperations\Methods_LabNEx_MathOperations.csproj", "{184B32D9-5CD5-487E-9BD4-408422605EBD}"
EndProject
Project("{FAE04EC0-301F-11D3-BF4B-00C04F79EFBC}") = "Methods_LabNEx_SmallestOfThreeNumbers", "Methods_LabNEx_SmallestOfThreeNumbers\Methods_LabNEx_SmallestOfThreeNumbers.csproj", "{CDA1EB40-63D4-4538-8D18-D3777353F71D}"
EndProject
Project("{FAE04EC0-301F-11D3-BF4B-00C04F79EFBC}") = "Methods_LabNEx_VowelsCount", "Methods_LabNEx_VowelsCount\Methods_LabNEx_VowelsCount.csproj", "{A59DE8CF-C1C6-40FD-BE33-CD76F6A4F12C}"
EndProject
Project("{FAE04EC0-301F-11D3-BF4B-00C04F79EFBC}") = "Methods_LabNEx_CharactersInRange", "Methods_LabNEx_CharactersInRange\Methods_LabNEx_CharactersInRange.csproj", "{02519D03-824A-4A7D-A555-705E7178D2FA}"
EndProject
Project("{FAE04EC0-301F-11D3-BF4B-00C04F79EFBC}") = "Methods_LabNEx_PasswordValidator", "Methods_LabNEx_PasswordValidator\Methods_LabNEx_PasswordValidator.csproj", "{6634C410-912E-47C3-8AA1-F585851F1EDC}"
EndProject
Project("{FAE04EC0-301F-11D3-BF4B-00C04F79EFBC}") = "Methods_LabNEx_AddAndSubtract", "Methods_LabNEx_AddAndSubtract\Methods_LabNEx_AddAndSubtract.csproj", "{5C3F527A-3733-4CB8-9EB1-F4CE2416F40D}"
EndProject
Project("{FAE04EC0-301F-11D3-BF4B-00C04F79EFBC}") = "Methods_LabNEx_MiddleCharacters", "Methods_LabNEx_MiddleCharacters\Methods_LabNEx_MiddleCharacters.csproj", "{C5AA89D2-FAB5-4DCE-B93E-9E54DBFC7608}"
EndProject
Global
	GlobalSection(SolutionConfigurationPlatforms) = preSolution
		Debug|Any CPU = Debug|Any CPU
		Release|Any CPU = Release|Any CPU
	EndGlobalSection
	GlobalSection(ProjectConfigurationPlatforms) = postSolution
		{DE72DB99-7870-4E93-867B-91B14C3BD2F3}.Debug|Any CPU.ActiveCfg = Debug|Any CPU
		{DE72DB99-7870-4E93-867B-91B14C3BD2F3}.Debug|Any CPU.Build.0 = Debug|Any CPU
		{DE72DB99-7870-4E93-867B-91B14C3BD2F3}.Release|Any CPU.ActiveCfg = Release|Any CPU
		{DE72DB99-7870-4E93-867B-91B14C3BD2F3}.Release|Any CPU.Build.0 = Release|Any CPU
		{4CC17E7A-5347-405B-8188-C4AD5D28F52A}.Debug|Any CPU.ActiveCfg = Debug|Any CPU
		{4CC17E7A-5347-405B-8188-C4AD5D28F52A}.Debug|Any CPU.Build.0 = Debug|Any CPU
		{4CC17E7A-5347-405B-8188-C4AD5D28F52A}.Release|Any CPU.ActiveCfg = Release|Any CPU
		{4CC17E7A-5347-405B-8188-C4AD5D28F52A}.Release|Any CPU.Build.0 = Release|Any CPU
		{6B27FF3C-A890-4445-A422-1BB043935FE7}.Debug|Any CPU.ActiveCfg = Debug|Any CPU
		{6B27FF3C-A890-4445-A422-1BB043935FE7}.Debug|Any CPU.Build.0 = Debug|Any CPU
		{6B27FF3C-A890-4445-A422-1BB043935FE7}.Release|Any CPU.ActiveCfg = Release|Any CPU
		{6B27FF3C-A890-4445-A422-1BB043935FE7}.Release|Any CPU.Build.0 = Release|Any CPU
		{80769B5E-362D-4AF2-A20B-349365E819A7}.Debug|Any CPU.ActiveCfg = Debug|Any CPU
		{80769B5E-362D-4AF2-A20B-349365E819A7}.Debug|Any CPU.Build.0 = Debug|Any CPU
		{80769B5E-362D-4AF2-A20B-349365E819A7}.Release|Any CPU.ActiveCfg = Release|Any CPU
		{80769B5E-362D-4AF2-A20B-349365E819A7}.Release|Any CPU.Build.0 = Release|Any CPU
		{C92F772D-1CE6-44B7-8DD3-A60A3ACB629E}.Debug|Any CPU.ActiveCfg = Debug|Any CPU
		{C92F772D-1CE6-44B7-8DD3-A60A3ACB629E}.Debug|Any CPU.Build.0 = Debug|Any CPU
		{C92F772D-1CE6-44B7-8DD3-A60A3ACB629E}.Release|Any CPU.ActiveCfg = Release|Any CPU
		{C92F772D-1CE6-44B7-8DD3-A60A3ACB629E}.Release|Any CPU.Build.0 = Release|Any CPU
		{EE59BBD6-176E-4298-A840-76572EE38B00}.Debug|Any CPU.ActiveCfg = Debug|Any CPU
		{EE59BBD6-176E-4298-A840-76572EE38B00}.Debug|Any CPU.Build.0 = Debug|Any CPU
		{EE59BBD6-176E-4298-A840-76572EE38B00}.Release|Any CPU.ActiveCfg = Release|Any CPU
		{EE59BBD6-176E-4298-A840-76572EE38B00}.Release|Any CPU.Build.0 = Release|Any CPU
		{6B2188A7-3BA8-4ED8-AAAD-A434D4C35569}.Debug|Any CPU.ActiveCfg = Debug|Any CPU
		{6B2188A7-3BA8-4ED8-AAAD-A434D4C35569}.Debug|Any CPU.Build.0 = Debug|Any CPU
		{6B2188A7-3BA8-4ED8-AAAD-A434D4C35569}.Release|Any CPU.ActiveCfg = Release|Any CPU
		{6B2188A7-3BA8-4ED8-AAAD-A434D4C35569}.Release|Any CPU.Build.0 = Release|Any CPU
		{489C5A18-4C32-4B9B-884A-AD436436B998}.Debug|Any CPU.ActiveCfg = Debug|Any CPU
		{489C5A18-4C32-4B9B-884A-AD436436B998}.Debug|Any CPU.Build.0 = Debug|Any CPU
		{489C5A18-4C32-4B9B-884A-AD436436B998}.Release|Any CPU.ActiveCfg = Release|Any CPU
		{489C5A18-4C32-4B9B-884A-AD436436B998}.Release|Any CPU.Build.0 = Release|Any CPU
		{3C815C2D-3110-4D8B-AA2A-DDE883DD00BC}.Debug|Any CPU.ActiveCfg = Debug|Any CPU
		{3C815C2D-3110-4D8B-AA2A-DDE883DD00BC}.Debug|Any CPU.Build.0 = Debug|Any CPU
		{3C815C2D-3110-4D8B-AA2A-DDE883DD00BC}.Release|Any CPU.ActiveCfg = Release|Any CPU
		{3C815C2D-3110-4D8B-AA2A-DDE883DD00BC}.Release|Any CPU.Build.0 = Release|Any CPU
		{556A6751-85F3-4DB0-992F-9CF01CE5AA62}.Debug|Any CPU.ActiveCfg = Debug|Any CPU
		{556A6751-85F3-4DB0-992F-9CF01CE5AA62}.Debug|Any CPU.Build.0 = Debug|Any CPU
		{556A6751-85F3-4DB0-992F-9CF01CE5AA62}.Release|Any CPU.ActiveCfg = Release|Any CPU
		{556A6751-85F3-4DB0-992F-9CF01CE5AA62}.Release|Any CPU.Build.0 = Release|Any CPU
		{400E4C37-A4AE-4885-B13A-9A0B570F810C}.Debug|Any CPU.ActiveCfg = Debug|Any CPU
		{400E4C37-A4AE-4885-B13A-9A0B570F810C}.Debug|Any CPU.Build.0 = Debug|Any CPU
		{400E4C37-A4AE-4885-B13A-9A0B570F810C}.Release|Any CPU.ActiveCfg = Release|Any CPU
		{400E4C37-A4AE-4885-B13A-9A0B570F810C}.Release|Any CPU.Build.0 = Release|Any CPU
		{A2371AB7-A0F9-4847-8FDD-5A3C766E337A}.Debug|Any CPU.ActiveCfg = Debug|Any CPU
		{A2371AB7-A0F9-4847-8FDD-5A3C766E337A}.Debug|Any CPU.Build.0 = Debug|Any CPU
		{A2371AB7-A0F9-4847-8FDD-5A3C766E337A}.Release|Any CPU.ActiveCfg = Release|Any CPU
		{A2371AB7-A0F9-4847-8FDD-5A3C766E337A}.Release|Any CPU.Build.0 = Release|Any CPU
		{A238FBEA-482D-4739-B6D4-A8BE345A46B3}.Debug|Any CPU.ActiveCfg = Debug|Any CPU
		{A238FBEA-482D-4739-B6D4-A8BE345A46B3}.Debug|Any CPU.Build.0 = Debug|Any CPU
		{A238FBEA-482D-4739-B6D4-A8BE345A46B3}.Release|Any CPU.ActiveCfg = Release|Any CPU
		{A238FBEA-482D-4739-B6D4-A8BE345A46B3}.Release|Any CPU.Build.0 = Release|Any CPU
		{EED0CD38-B885-478F-92E2-B5B0E6D66D96}.Debug|Any CPU.ActiveCfg = Debug|Any CPU
		{EED0CD38-B885-478F-92E2-B5B0E6D66D96}.Debug|Any CPU.Build.0 = Debug|Any CPU
		{EED0CD38-B885-478F-92E2-B5B0E6D66D96}.Release|Any CPU.ActiveCfg = Release|Any CPU
		{EED0CD38-B885-478F-92E2-B5B0E6D66D96}.Release|Any CPU.Build.0 = Release|Any CPU
		{04E09C8F-BF31-45E2-8D40-B547673F87E5}.Debug|Any CPU.ActiveCfg = Debug|Any CPU
		{04E09C8F-BF31-45E2-8D40-B547673F87E5}.Debug|Any CPU.Build.0 = Debug|Any CPU
		{04E09C8F-BF31-45E2-8D40-B547673F87E5}.Release|Any CPU.ActiveCfg = Release|Any CPU
		{04E09C8F-BF31-45E2-8D40-B547673F87E5}.Release|Any CPU.Build.0 = Release|Any CPU
		{084B9938-47B6-4BC4-98BD-3EA15110A0D9}.Debug|Any CPU.ActiveCfg = Debug|Any CPU
		{084B9938-47B6-4BC4-98BD-3EA15110A0D9}.Debug|Any CPU.Build.0 = Debug|Any CPU
		{084B9938-47B6-4BC4-98BD-3EA15110A0D9}.Release|Any CPU.ActiveCfg = Release|Any CPU
		{084B9938-47B6-4BC4-98BD-3EA15110A0D9}.Release|Any CPU.Build.0 = Release|Any CPU
		{7A56BB4C-3638-43C4-AD0B-D402CE444ED6}.Debug|Any CPU.ActiveCfg = Debug|Any CPU
		{7A56BB4C-3638-43C4-AD0B-D402CE444ED6}.Debug|Any CPU.Build.0 = Debug|Any CPU
		{7A56BB4C-3638-43C4-AD0B-D402CE444ED6}.Release|Any CPU.ActiveCfg = Release|Any CPU
		{7A56BB4C-3638-43C4-AD0B-D402CE444ED6}.Release|Any CPU.Build.0 = Release|Any CPU
		{71854C17-14AB-4459-9B65-F293E3B1AC42}.Debug|Any CPU.ActiveCfg = Debug|Any CPU
		{71854C17-14AB-4459-9B65-F293E3B1AC42}.Debug|Any CPU.Build.0 = Debug|Any CPU
		{71854C17-14AB-4459-9B65-F293E3B1AC42}.Release|Any CPU.ActiveCfg = Release|Any CPU
		{71854C17-14AB-4459-9B65-F293E3B1AC42}.Release|Any CPU.Build.0 = Release|Any CPU
		{0D0068ED-1A53-49B6-813C-ED8855906194}.Debug|Any CPU.ActiveCfg = Debug|Any CPU
		{0D0068ED-1A53-49B6-813C-ED8855906194}.Debug|Any CPU.Build.0 = Debug|Any CPU
		{0D0068ED-1A53-49B6-813C-ED8855906194}.Release|Any CPU.ActiveCfg = Release|Any CPU
		{0D0068ED-1A53-49B6-813C-ED8855906194}.Release|Any CPU.Build.0 = Release|Any CPU
		{A3B0CBF3-6D30-49AA-BD57-9DAC7058A8FB}.Debug|Any CPU.ActiveCfg = Debug|Any CPU
		{A3B0CBF3-6D30-49AA-BD57-9DAC7058A8FB}.Debug|Any CPU.Build.0 = Debug|Any CPU
		{A3B0CBF3-6D30-49AA-BD57-9DAC7058A8FB}.Release|Any CPU.ActiveCfg = Release|Any CPU
		{A3B0CBF3-6D30-49AA-BD57-9DAC7058A8FB}.Release|Any CPU.Build.0 = Release|Any CPU
		{184B32D9-5CD5-487E-9BD4-408422605EBD}.Debug|Any CPU.ActiveCfg = Debug|Any CPU
		{184B32D9-5CD5-487E-9BD4-408422605EBD}.Debug|Any CPU.Build.0 = Debug|Any CPU
		{184B32D9-5CD5-487E-9BD4-408422605EBD}.Release|Any CPU.ActiveCfg = Release|Any CPU
		{184B32D9-5CD5-487E-9BD4-408422605EBD}.Release|Any CPU.Build.0 = Release|Any CPU
		{CDA1EB40-63D4-4538-8D18-D3777353F71D}.Debug|Any CPU.ActiveCfg = Debug|Any CPU
		{CDA1EB40-63D4-4538-8D18-D3777353F71D}.Debug|Any CPU.Build.0 = Debug|Any CPU
		{CDA1EB40-63D4-4538-8D18-D3777353F71D}.Release|Any CPU.ActiveCfg = Release|Any CPU
		{CDA1EB40-63D4-4538-8D18-D3777353F71D}.Release|Any CPU.Build.0 = Release|Any CPU
		{A59DE8CF-C1C6-40FD-BE33-CD76F6A4F12C}.Debug|Any CPU.ActiveCfg = Debug|Any CPU
		{A59DE8CF-C1C6-40FD-BE33-CD76F6A4F12C}.Debug|Any CPU.Build.0 = Debug|Any CPU
		{A59DE8CF-C1C6-40FD-BE33-CD76F6A4F12C}.Release|Any CPU.ActiveCfg = Release|Any CPU
		{A59DE8CF-C1C6-40FD-BE33-CD76F6A4F12C}.Release|Any CPU.Build.0 = Release|Any CPU
		{02519D03-824A-4A7D-A555-705E7178D2FA}.Debug|Any CPU.ActiveCfg = Debug|Any CPU
		{02519D03-824A-4A7D-A555-705E7178D2FA}.Debug|Any CPU.Build.0 = Debug|Any CPU
		{02519D03-824A-4A7D-A555-705E7178D2FA}.Release|Any CPU.ActiveCfg = Release|Any CPU
		{02519D03-824A-4A7D-A555-705E7178D2FA}.Release|Any CPU.Build.0 = Release|Any CPU
		{6634C410-912E-47C3-8AA1-F585851F1EDC}.Debug|Any CPU.ActiveCfg = Debug|Any CPU
		{6634C410-912E-47C3-8AA1-F585851F1EDC}.Debug|Any CPU.Build.0 = Debug|Any CPU
		{6634C410-912E-47C3-8AA1-F585851F1EDC}.Release|Any CPU.ActiveCfg = Release|Any CPU
		{6634C410-912E-47C3-8AA1-F585851F1EDC}.Release|Any CPU.Build.0 = Release|Any CPU
		{5C3F527A-3733-4CB8-9EB1-F4CE2416F40D}.Debug|Any CPU.ActiveCfg = Debug|Any CPU
		{5C3F527A-3733-4CB8-9EB1-F4CE2416F40D}.Debug|Any CPU.Build.0 = Debug|Any CPU
		{5C3F527A-3733-4CB8-9EB1-F4CE2416F40D}.Release|Any CPU.ActiveCfg = Release|Any CPU
		{5C3F527A-3733-4CB8-9EB1-F4CE2416F40D}.Release|Any CPU.Build.0 = Release|Any CPU
		{C5AA89D2-FAB5-4DCE-B93E-9E54DBFC7608}.Debug|Any CPU.ActiveCfg = Debug|Any CPU
		{C5AA89D2-FAB5-4DCE-B93E-9E54DBFC7608}.Debug|Any CPU.Build.0 = Debug|Any CPU
		{C5AA89D2-FAB5-4DCE-B93E-9E54DBFC7608}.Release|Any CPU.ActiveCfg = Release|Any CPU
		{C5AA89D2-FAB5-4DCE-B93E-9E54DBFC7608}.Release|Any CPU.Build.0 = Release|Any CPU
	EndGlobalSection
	GlobalSection(SolutionProperties) = preSolution
		HideSolutionNode = FALSE
	EndGlobalSection
	GlobalSection(ExtensibilityGlobals) = postSolution
		SolutionGuid = {9DADEF7F-4D4D-475C-9C41-2154DB4823C1}
	EndGlobalSection
EndGlobal
